
Microsoft Visual Studio Solution File, Format Version 12.00
# Visual Studio Version 17
VisualStudioVersion = 17.4.33213.308
MinimumVisualStudioVersion = 10.0.40219.1
Project("{9A19103F-16F7-4668-BE54-9A1E7A4F7556}") = "Task2", "ConsoleApp3\Task2.csproj", "{142FCDBC-F89B-4D0C-A101-4F38985E1651}"
EndProject
Project("{9A19103F-16F7-4668-BE54-9A1E7A4F7556}") = "Task3", "Task3\Task3.csproj", "{1EDF9487-8386-437A-B7DF-6984C5A98520}"
EndProject
Project("{9A19103F-16F7-4668-BE54-9A1E7A4F7556}") = "Task4", "Task4\Task4.csproj", "{49DC24DC-2888-4291-AEF0-9C24DE8C1084}"
EndProject
Project("{2150E333-8FDC-42A3-9474-1A3956D46DE8}") = "Задание 2", "Задание 2", "{4358E77C-DFAE-4536-9AF3-7F1B94C60F75}"
EndProject
Project("{2150E333-8FDC-42A3-9474-1A3956D46DE8}") = "Задание 3", "Задание 3", "{8D765C57-D8DC-4FED-A17B-8023B99BB139}"
EndProject
Project("{2150E333-8FDC-42A3-9474-1A3956D46DE8}") = "Задание 4", "Задание 4", "{4D232CA3-45D8-4CC9-BBE0-56EA96B4C4FA}"
EndProject
Project("{2150E333-8FDC-42A3-9474-1A3956D46DE8}") = "Задание 5", "Задание 5", "{946D6241-C7C4-4E8F-979F-5A75E8F0D1BC}"
EndProject
Project("{FAE04EC0-301F-11D3-BF4B-00C04F79EFBC}") = "Task5", "Task5\Task5.csproj", "{A89FD208-9D91-4D96-A26C-5E3194B26191}"
EndProject
Project("{2150E333-8FDC-42A3-9474-1A3956D46DE8}") = "Задание 6", "Задание 6", "{701A59DC-A9CA-4A1A-9794-0E4F384E383F}"
EndProject
Project("{FAE04EC0-301F-11D3-BF4B-00C04F79EFBC}") = "Task6", "Task6\Task6.csproj", "{D0FD8B98-C105-499B-8274-BEDAC95018D8}"
EndProject
Global
	GlobalSection(SolutionConfigurationPlatforms) = preSolution
		Debug|Any CPU = Debug|Any CPU
		Release|Any CPU = Release|Any CPU
	EndGlobalSection
	GlobalSection(ProjectConfigurationPlatforms) = postSolution
		{142FCDBC-F89B-4D0C-A101-4F38985E1651}.Debug|Any CPU.ActiveCfg = Debug|Any CPU
		{142FCDBC-F89B-4D0C-A101-4F38985E1651}.Debug|Any CPU.Build.0 = Debug|Any CPU
		{142FCDBC-F89B-4D0C-A101-4F38985E1651}.Release|Any CPU.ActiveCfg = Release|Any CPU
		{142FCDBC-F89B-4D0C-A101-4F38985E1651}.Release|Any CPU.Build.0 = Release|Any CPU
		{1EDF9487-8386-437A-B7DF-6984C5A98520}.Debug|Any CPU.ActiveCfg = Debug|Any CPU
		{1EDF9487-8386-437A-B7DF-6984C5A98520}.Debug|Any CPU.Build.0 = Debug|Any CPU
		{1EDF9487-8386-437A-B7DF-6984C5A98520}.Release|Any CPU.ActiveCfg = Release|Any CPU
		{1EDF9487-8386-437A-B7DF-6984C5A98520}.Release|Any CPU.Build.0 = Release|Any CPU
		{49DC24DC-2888-4291-AEF0-9C24DE8C1084}.Debug|Any CPU.ActiveCfg = Debug|Any CPU
		{49DC24DC-2888-4291-AEF0-9C24DE8C1084}.Debug|Any CPU.Build.0 = Debug|Any CPU
		{49DC24DC-2888-4291-AEF0-9C24DE8C1084}.Release|Any CPU.ActiveCfg = Release|Any CPU
		{49DC24DC-2888-4291-AEF0-9C24DE8C1084}.Release|Any CPU.Build.0 = Release|Any CPU
		{A89FD208-9D91-4D96-A26C-5E3194B26191}.Debug|Any CPU.ActiveCfg = Debug|Any CPU
		{A89FD208-9D91-4D96-A26C-5E3194B26191}.Debug|Any CPU.Build.0 = Debug|Any CPU
		{A89FD208-9D91-4D96-A26C-5E3194B26191}.Release|Any CPU.ActiveCfg = Release|Any CPU
		{A89FD208-9D91-4D96-A26C-5E3194B26191}.Release|Any CPU.Build.0 = Release|Any CPU
		{D0FD8B98-C105-499B-8274-BEDAC95018D8}.Debug|Any CPU.ActiveCfg = Debug|Any CPU
		{D0FD8B98-C105-499B-8274-BEDAC95018D8}.Debug|Any CPU.Build.0 = Debug|Any CPU
		{D0FD8B98-C105-499B-8274-BEDAC95018D8}.Release|Any CPU.ActiveCfg = Release|Any CPU
		{D0FD8B98-C105-499B-8274-BEDAC95018D8}.Release|Any CPU.Build.0 = Release|Any CPU
	EndGlobalSection
	GlobalSection(SolutionProperties) = preSolution
		HideSolutionNode = FALSE
	EndGlobalSection
	GlobalSection(NestedProjects) = preSolution
		{142FCDBC-F89B-4D0C-A101-4F38985E1651} = {4358E77C-DFAE-4536-9AF3-7F1B94C60F75}
		{1EDF9487-8386-437A-B7DF-6984C5A98520} = {8D765C57-D8DC-4FED-A17B-8023B99BB139}
		{49DC24DC-2888-4291-AEF0-9C24DE8C1084} = {4D232CA3-45D8-4CC9-BBE0-56EA96B4C4FA}
		{A89FD208-9D91-4D96-A26C-5E3194B26191} = {946D6241-C7C4-4E8F-979F-5A75E8F0D1BC}
		{D0FD8B98-C105-499B-8274-BEDAC95018D8} = {701A59DC-A9CA-4A1A-9794-0E4F384E383F}
	EndGlobalSection
	GlobalSection(ExtensibilityGlobals) = postSolution
		SolutionGuid = {24E66E21-0329-4000-9194-B44A6F55FE4A}
	EndGlobalSection
EndGlobal
